
Microsoft Visual Studio Solution File, Format Version 12.00
# Visual Studio 15
VisualStudioVersion = 15.0.26124.0
MinimumVisualStudioVersion = 15.0.26124.0
Project("{2150E333-8FDC-42A3-9474-1A3956D46DE8}") = "src", "src", "{D15AA7B2-EDC8-4244-9C1F-3A7A71E0A6A4}"
EndProject
Project("{FAE04EC0-301F-11D3-BF4B-00C04F79EFBC}") = "ProductService", "src\ProductService\ProductService.csproj", "{A06BC4D8-B127-4CB4-811E-334CB74CE0FD}"
EndProject
Global
	GlobalSection(SolutionConfigurationPlatforms) = preSolution
		Debug|Any CPU = Debug|Any CPU
		Debug|x64 = Debug|x64
		Debug|x86 = Debug|x86
		Release|Any CPU = Release|Any CPU
		Release|x64 = Release|x64
		Release|x86 = Release|x86
	EndGlobalSection
	GlobalSection(SolutionProperties) = preSolution
		HideSolutionNode = FALSE
	EndGlobalSection
	GlobalSection(ProjectConfigurationPlatforms) = postSolution
		{A06BC4D8-B127-4CB4-811E-334CB74CE0FD}.Debug|Any CPU.ActiveCfg = Debug|Any CPU
		{A06BC4D8-B127-4CB4-811E-334CB74CE0FD}.Debug|Any CPU.Build.0 = Debug|Any CPU
		{A06BC4D8-B127-4CB4-811E-334CB74CE0FD}.Debug|x64.ActiveCfg = Debug|Any CPU
		{A06BC4D8-B127-4CB4-811E-334CB74CE0FD}.Debug|x64.Build.0 = Debug|Any CPU
		{A06BC4D8-B127-4CB4-811E-334CB74CE0FD}.Debug|x86.ActiveCfg = Debug|Any CPU
		{A06BC4D8-B127-4CB4-811E-334CB74CE0FD}.Debug|x86.Build.0 = Debug|Any CPU
		{A06BC4D8-B127-4CB4-811E-334CB74CE0FD}.Release|Any CPU.ActiveCfg = Release|Any CPU
		{A06BC4D8-B127-4CB4-811E-334CB74CE0FD}.Release|Any CPU.Build.0 = Release|Any CPU
		{A06BC4D8-B127-4CB4-811E-334CB74CE0FD}.Release|x64.ActiveCfg = Release|Any CPU
		{A06BC4D8-B127-4CB4-811E-334CB74CE0FD}.Release|x64.Build.0 = Release|Any CPU
		{A06BC4D8-B127-4CB4-811E-334CB74CE0FD}.Release|x86.ActiveCfg = Release|Any CPU
		{A06BC4D8-B127-4CB4-811E-334CB74CE0FD}.Release|x86.Build.0 = Release|Any CPU
	EndGlobalSection
	GlobalSection(NestedProjects) = preSolution
		{A06BC4D8-B127-4CB4-811E-334CB74CE0FD} = {D15AA7B2-EDC8-4244-9C1F-3A7A71E0A6A4}
	EndGlobalSection
EndGlobal
